// !$*UTF8*$!
{
	archiveVersion = 1;
	classes = {
	};
	objectVersion = 50;
	objects = {

/* Begin PBXBuildFile section */
		931CE2D425C93E2C008C7FE0 /* LearnGHApp.swift in Sources */ = {isa = PBXBuildFile; fileRef = 931CE2D325C93E2C008C7FE0 /* LearnGHApp.swift */; };
		931CE2D625C93E2C008C7FE0 /* ContentView.swift in Sources */ = {isa = PBXBuildFile; fileRef = 931CE2D525C93E2C008C7FE0 /* ContentView.swift */; };
		931CE2D825C93E2D008C7FE0 /* Assets.xcassets in Resources */ = {isa = PBXBuildFile; fileRef = 931CE2D725C93E2D008C7FE0 /* Assets.xcassets */; };
		931CE2DB25C93E2D008C7FE0 /* Preview Assets.xcassets in Resources */ = {isa = PBXBuildFile; fileRef = 931CE2DA25C93E2D008C7FE0 /* Preview Assets.xcassets */; };
		93CAA63325D167F8006E817F /* GHView.swift in Sources */ = {isa = PBXBuildFile; fileRef = 93CAA63225D167F8006E817F /* GHView.swift */; };
/* End PBXBuildFile section */

/* Begin PBXFileReference section */
		931CE2D025C93E2C008C7FE0 /* LearnGH.app */ = {isa = PBXFileReference; explicitFileType = wrapper.application; includeInIndex = 0; path = LearnGH.app; sourceTree = BUILT_PRODUCTS_DIR; };
		931CE2D325C93E2C008C7FE0 /* LearnGHApp.swift */ = {isa = PBXFileReference; lastKnownFileType = sourcecode.swift; path = LearnGHApp.swift; sourceTree = "<group>"; };
		931CE2D525C93E2C008C7FE0 /* ContentView.swift */ = {isa = PBXFileReference; lastKnownFileType = sourcecode.swift; path = ContentView.swift; sourceTree = "<group>"; };
		931CE2D725C93E2D008C7FE0 /* Assets.xcassets */ = {isa = PBXFileReference; lastKnownFileType = folder.assetcatalog; path = Assets.xcassets; sourceTree = "<group>"; };
		931CE2DA25C93E2D008C7FE0 /* Preview Assets.xcassets */ = {isa = PBXFileReference; lastKnownFileType = folder.assetcatalog; path = "Preview Assets.xcassets"; sourceTree = "<group>"; };
		931CE2DC25C93E2D008C7FE0 /* Info.plist */ = {isa = PBXFileReference; lastKnownFileType = text.plist.xml; path = Info.plist; sourceTree = "<group>"; };
		93CAA63225D167F8006E817F /* GHView.swift */ = {isa = PBXFileReference; lastKnownFileType = sourcecode.swift; path = GHView.swift; sourceTree = "<group>"; };
/* End PBXFileReference section */

/* Begin PBXFrameworksBuildPhase section */
		931CE2CD25C93E2C008C7FE0 /* Frameworks */ = {
			isa = PBXFrameworksBuildPhase;
			buildActionMask = 2147483647;
			files = (
			);
			runOnlyForDeploymentPostprocessing = 0;
		};
/* End PBXFrameworksBuildPhase section */

/* Begin PBXGroup section */
		931CE2C725C93E2C008C7FE0 = {
			isa = PBXGroup;
			children = (
				931CE2D225C93E2C008C7FE0 /* LearnGH */,
				931CE2D125C93E2C008C7FE0 /* Products */,
			);
			sourceTree = "<group>";
		};
		931CE2D125C93E2C008C7FE0 /* Products */ = {
			isa = PBXGroup;
			children = (
				931CE2D025C93E2C008C7FE0 /* LearnGH.app */,
			);
			name = Products;
			sourceTree = "<group>";
		};
		931CE2D225C93E2C008C7FE0 /* LearnGH */ = {
			isa = PBXGroup;
			children = (
				931CE2D325C93E2C008C7FE0 /* LearnGHApp.swift */,
				931CE2D525C93E2C008C7FE0 /* ContentView.swift */,
				931CE2D725C93E2D008C7FE0 /* Assets.xcassets */,
				931CE2DC25C93E2D008C7FE0 /* Info.plist */,
				931CE2D925C93E2D008C7FE0 /* Preview Content */,
				93CAA63225D167F8006E817F /* GHView.swift */,
			);
			path = LearnGH;
			sourceTree = "<group>";
		};
		931CE2D925C93E2D008C7FE0 /* Preview Content */ = {
			isa = PBXGroup;
			children = (
				931CE2DA25C93E2D008C7FE0 /* Preview Assets.xcassets */,
			);
			path = "Preview Content";
			sourceTree = "<group>";
		};
/* End PBXGroup section */

/* Begin PBXNativeTarget section */
		931CE2CF25C93E2C008C7FE0 /* LearnGH */ = {
			isa = PBXNativeTarget;
			buildConfigurationList = 931CE2DF25C93E2D008C7FE0 /* Build configuration list for PBXNativeTarget "LearnGH" */;
			buildPhases = (
				931CE2CC25C93E2C008C7FE0 /* Sources */,
				931CE2CD25C93E2C008C7FE0 /* Frameworks */,
				931CE2CE25C93E2C008C7FE0 /* Resources */,
			);
			buildRules = (
			);
			dependencies = (
			);
			name = LearnGH;
			productName = LearnGH;
			productReference = 931CE2D025C93E2C008C7FE0 /* LearnGH.app */;
			productType = "com.apple.product-type.application";
		};
/* End PBXNativeTarget section */

/* Begin PBXProject section */
		931CE2C825C93E2C008C7FE0 /* Project object */ = {
			isa = PBXProject;
			attributes = {
				LastSwiftUpdateCheck = 1240;
				LastUpgradeCheck = 1240;
				TargetAttributes = {
					931CE2CF25C93E2C008C7FE0 = {
						CreatedOnToolsVersion = 12.4;
					};
				};
			};
			buildConfigurationList = 931CE2CB25C93E2C008C7FE0 /* Build configuration list for PBXProject "LearnGH" */;
			compatibilityVersion = "Xcode 9.3";
			developmentRegion = en;
			hasScannedForEncodings = 0;
			knownRegions = (
				en,
				Base,
			);
			mainGroup = 931CE2C725C93E2C008C7FE0;
			productRefGroup = 931CE2D125C93E2C008C7FE0 /* Products */;
			projectDirPath = "";
			projectRoot = "";
			targets = (
				931CE2CF25C93E2C008C7FE0 /* LearnGH */,
			);
		};
/* End PBXProject section */

/* Begin PBXResourcesBuildPhase section */
		931CE2CE25C93E2C008C7FE0 /* Resources */ = {
			isa = PBXResourcesBuildPhase;
			buildActionMask = 2147483647;
			files = (
				931CE2DB25C93E2D008C7FE0 /* Preview Assets.xcassets in Resources */,
				931CE2D825C93E2D008C7FE0 /* Assets.xcassets in Resources */,
			);
			runOnlyForDeploymentPostprocessing = 0;
		};
/* End PBXResourcesBuildPhase section */

/* Begin PBXSourcesBuildPhase section */
		931CE2CC25C93E2C008C7FE0 /* Sources */ = {
			isa = PBXSourcesBuildPhase;
			buildActionMask = 2147483647;
			files = (
				93CAA63325D167F8006E817F /* GHView.swift in Sources */,
				931CE2D625C93E2C008C7FE0 /* ContentView.swift in Sources */,
				931CE2D425C93E2C008C7FE0 /* LearnGHApp.swift in Sources */,
			);
			runOnlyForDeploymentPostprocessing = 0;
		};
/* End PBXSourcesBuildPhase section */

/* Begin XCBuildConfiguration section */
		931CE2DD25C93E2D008C7FE0 /* Debug */ = {
			isa = XCBuildConfiguration;
			buildSettings = {
				ALWAYS_SEARCH_USER_PATHS = NO;
				CLANG_ANALYZER_NONNULL = YES;
				CLANG_ANALYZER_NUMBER_OBJECT_CONVERSION = YES_AGGRESSIVE;
				CLANG_CXX_LANGUAGE_STANDARD = "gnu++14";
				CLANG_CXX_LIBRARY = "libc++";
				CLANG_ENABLE_MODULES = YES;
				CLANG_ENABLE_OBJC_ARC = YES;
				CLANG_ENABLE_OBJC_WEAK = YES;
				CLANG_WARN_BLOCK_CAPTURE_AUTORELEASING = YES;
				CLANG_WARN_BOOL_CONVERSION = YES;
				CLANG_WARN_COMMA = YES;
				CLANG_WARN_CONSTANT_CONVERSION = YES;
				CLANG_WARN_DEPRECATED_OBJC_IMPLEMENTATIONS = YES;
				CLANG_WARN_DIRECT_OBJC_ISA_USAGE = YES_ERROR;
				CLANG_WARN_DOCUMENTATION_COMMENTS = YES;
				CLANG_WARN_EMPTY_BODY = YES;
				CLANG_WARN_ENUM_CONVERSION = YES;
				CLANG_WARN_INFINITE_RECURSION = YES;
				CLANG_WARN_INT_CONVERSION = YES;
				CLANG_WARN_NON_LITERAL_NULL_CONVERSION = YES;
				CLANG_WARN_OBJC_IMPLICIT_RETAIN_SELF = YES;
				CLANG_WARN_OBJC_LITERAL_CONVERSION = YES;
				CLANG_WARN_OBJC_ROOT_CLASS = YES_ERROR;
				CLANG_WARN_QUOTED_INCLUDE_IN_FRAMEWORK_HEADER = YES;
				CLANG_WARN_RANGE_LOOP_ANALYSIS = YES;
				CLANG_WARN_STRICT_PROTOTYPES = YES;
				CLANG_WARN_SUSPICIOUS_MOVE = YES;
				CLANG_WARN_UNGUARDED_AVAILABILITY = YES_AGGRESSIVE;
				CLANG_WARN_UNREACHABLE_CODE = YES;
				CLANG_WARN__DUPLICATE_METHOD_MATCH = YES;
				COPY_PHASE_STRIP = NO;
				DEBUG_INFORMATION_FORMAT = dwarf;
				ENABLE_STRICT_OBJC_MSGSEND = YES;
				ENABLE_TESTABILITY = YES;
				GCC_C_LANGUAGE_STANDARD = gnu11;
				GCC_DYNAMIC_NO_PIC = NO;
				GCC_NO_COMMON_BLOCKS = YES;
				GCC_OPTIMIZATION_LEVEL = 0;
				GCC_PREPROCESSOR_DEFINITIONS = (
					"DEBUG=1",
					"$(inherited)",
				);
				GCC_WARN_64_TO_32_BIT_CONVERSION = YES;
				GCC_WARN_ABOUT_RETURN_TYPE = YES_ERROR;
				GCC_WARN_UNDECLARED_SELECTOR = YES;
				GCC_WARN_UNINITIALIZED_AUTOS = YES_AGGRESSIVE;
				GCC_WARN_UNUSED_FUNCTION = YES;
				GCC_WARN_UNUSED_VARIABLE = YES;
				IPHONEOS_DEPLOYMENT_TARGET = 14.4;
				MTL_ENABLE_DEBUG_INFO = INCLUDE_SOURCE;
				MTL_FAST_MATH = YES;
				ONLY_ACTIVE_ARCH = YES;
				SDKROOT = iphoneos;
				SWIFT_ACTIVE_COMPILATION_CONDITIONS = DEBUG;
				SWIFT_OPTIMIZATION_LEVEL = "-Onone";
			};
			name = Debug;
		};
		931CE2DE25C93E2D008C7FE0 /* Release */ = {
			isa = XCBuildConfiguration;
			buildSettings = {
				ALWAYS_SEARCH_USER_PATHS = NO;
				CLANG_ANALYZER_NONNULL = YES;
				CLANG_ANALYZER_NUMBER_OBJECT_CONVERSION = YES_AGGRESSIVE;
				CLANG_CXX_LANGUAGE_STANDARD = "gnu++14";
				CLANG_CXX_LIBRARY = "libc++";
				CLANG_ENABLE_MODULES = YES;
				CLANG_ENABLE_OBJC_ARC = YES;
				CLANG_ENABLE_OBJC_WEAK = YES;
				CLANG_WARN_BLOCK_CAPTURE_AUTORELEASING = YES;
				CLANG_WARN_BOOL_CONVERSION = YES;
				CLANG_WARN_COMMA = YES;
				CLANG_WARN_CONSTANT_CONVERSION = YES;
				CLANG_WARN_DEPRECATED_OBJC_IMPLEMENTATIONS = YES;
				CLANG_WARN_DIRECT_OBJC_ISA_USAGE = YES_ERROR;
				CLANG_WARN_DOCUMENTATION_COMMENTS = YES;
				CLANG_WARN_EMPTY_BODY = YES;
				CLANG_WARN_ENUM_CONVERSION = YES;
				CLANG_WARN_INFINITE_RECURSION = YES;
				CLANG_WARN_INT_CONVERSION = YES;
				CLANG_WARN_NON_LITERAL_NULL_CONVERSION = YES;
				CLANG_WARN_OBJC_IMPLICIT_RETAIN_SELF = YES;
				CLANG_WARN_OBJC_LITERAL_CONVERSION = YES;
				CLANG_WARN_OBJC_ROOT_CLASS = YES_ERROR;
				CLANG_WARN_QUOTED_INCLUDE_IN_FRAMEWORK_HEADER = YES;
				CLANG_WARN_RANGE_LOOP_ANALYSIS = YES;
				CLANG_WARN_STRICT_PROTOTYPES = YES;
				CLANG_WARN_SUSPICIOUS_MOVE = YES;
				CLANG_WARN_UNGUARDED_AVAILABILITY = YES_AGGRESSIVE;
				CLANG_WARN_UNREACHABLE_CODE = YES;
				CLANG_WARN__DUPLICATE_METHOD_MATCH = YES;
				COPY_PHASE_STRIP = NO;
				DEBUG_INFORMATION_FORMAT = "dwarf-with-dsym";
				ENABLE_NS_ASSERTIONS = NO;
				ENABLE_STRICT_OBJC_MSGSEND = YES;
				GCC_C_LANGUAGE_STANDARD = gnu11;
				GCC_NO_COMMON_BLOCKS = YES;
				GCC_WARN_64_TO_32_BIT_CONVERSION = YES;
				GCC_WARN_ABOUT_RETURN_TYPE = YES_ERROR;
				GCC_WARN_UNDECLARED_SELECTOR = YES;
				GCC_WARN_UNINITIALIZED_AUTOS = YES_AGGRESSIVE;
				GCC_WARN_UNUSED_FUNCTION = YES;
				GCC_WARN_UNUSED_VARIABLE = YES;
				IPHONEOS_DEPLOYMENT_TARGET = 14.4;
				MTL_ENABLE_DEBUG_INFO = NO;
				MTL_FAST_MATH = YES;
				SDKROOT = iphoneos;
				SWIFT_COMPILATION_MODE = wholemodule;
				SWIFT_OPTIMIZATION_LEVEL = "-O";
				VALIDATE_PRODUCT = YES;
			};
			name = Release;
		};
		931CE2E025C93E2D008C7FE0 /* Debug */ = {
			isa = XCBuildConfiguration;
			buildSettings = {
				ASSETCATALOG_COMPILER_APPICON_NAME = AppIcon;
				ASSETCATALOG_COMPILER_GLOBAL_ACCENT_COLOR_NAME = AccentColor;
				CODE_SIGN_STYLE = Automatic;
				DEVELOPMENT_ASSET_PATHS = "\"LearnGH/Preview Content\"";
				ENABLE_PREVIEWS = YES;
				INFOPLIST_FILE = LearnGH/Info.plist;
				IPHONEOS_DEPLOYMENT_TARGET = 14.0;
				LD_RUNPATH_SEARCH_PATHS = (
					"$(inherited)",
					"@executable_path/Frameworks",
				);
				PRODUCT_BUNDLE_IDENTIFIER = thumbjiho.LearnGH;
				PRODUCT_NAME = "$(TARGET_NAME)";
				SWIFT_VERSION = 5.0;
				TARGETED_DEVICE_FAMILY = "1,2";
			};
			name = Debug;
		};
		931CE2E125C93E2D008C7FE0 /* Release */ = {
			isa = XCBuildConfiguration;
			buildSettings = {
				ASSETCATALOG_COMPILER_APPICON_NAME = AppIcon;
				ASSETCATALOG_COMPILER_GLOBAL_ACCENT_COLOR_NAME = AccentColor;
				CODE_SIGN_STYLE = Automatic;
				DEVELOPMENT_ASSET_PATHS = "\"LearnGH/Preview Content\"";
				ENABLE_PREVIEWS = YES;
				INFOPLIST_FILE = LearnGH/Info.plist;
				IPHONEOS_DEPLOYMENT_TARGET = 14.0;
				LD_RUNPATH_SEARCH_PATHS = (
					"$(inherited)",
					"@executable_path/Frameworks",
				);
				PRODUCT_BUNDLE_IDENTIFIER = thumbjiho.LearnGH;
				PRODUCT_NAME = "$(TARGET_NAME)";
				SWIFT_VERSION = 5.0;
				TARGETED_DEVICE_FAMILY = "1,2";
			};
			name = Release;
		};
/* End XCBuildConfiguration section */

/* Begin XCConfigurationList section */
		931CE2CB25C93E2C008C7FE0 /* Build configuration list for PBXProject "LearnGH" */ = {
			isa = XCConfigurationList;
			buildConfigurations = (
				931CE2DD25C93E2D008C7FE0 /* Debug */,
				931CE2DE25C93E2D008C7FE0 /* Release */,
			);
			defaultConfigurationIsVisible = 0;
			defaultConfigurationName = Release;
		};
		931CE2DF25C93E2D008C7FE0 /* Build configuration list for PBXNativeTarget "LearnGH" */ = {
			isa = XCConfigurationList;
			buildConfigurations = (
				931CE2E025C93E2D008C7FE0 /* Debug */,
				931CE2E125C93E2D008C7FE0 /* Release */,
			);
			defaultConfigurationIsVisible = 0;
			defaultConfigurationName = Release;
		};
/* End XCConfigurationList section */
	};
	rootObject = 931CE2C825C93E2C008C7FE0 /* Project object */;
}
